
Microsoft Visual Studio Solution File, Format Version 12.00
# Visual Studio Version 17
VisualStudioVersion = 17.9.34728.123
MinimumVisualStudioVersion = 10.0.40219.1
Project("{9A19103F-16F7-4668-BE54-9A1E7A4F7556}") = "REST", "REST.csproj", "{CBC5F3EF-B1A3-4778-ADFA-CDB7D7FE7A09}"
EndProject
Global
	GlobalSection(SolutionConfigurationPlatforms) = preSolution
		Debug|Any CPU = Debug|Any CPU
		Release|Any CPU = Release|Any CPU
	EndGlobalSection
	GlobalSection(ProjectConfigurationPlatforms) = postSolution
		{CBC5F3EF-B1A3-4778-ADFA-CDB7D7FE7A09}.Debug|Any CPU.ActiveCfg = Debug|Any CPU
		{CBC5F3EF-B1A3-4778-ADFA-CDB7D7FE7A09}.Debug|Any CPU.Build.0 = Debug|Any CPU
		{CBC5F3EF-B1A3-4778-ADFA-CDB7D7FE7A09}.Release|Any CPU.ActiveCfg = Release|Any CPU
		{CBC5F3EF-B1A3-4778-ADFA-CDB7D7FE7A09}.Release|Any CPU.Build.0 = Release|Any CPU
	EndGlobalSection
	GlobalSection(SolutionProperties) = preSolution
		HideSolutionNode = FALSE
	EndGlobalSection
	GlobalSection(ExtensibilityGlobals) = postSolution
		SolutionGuid = {5E55A28E-ED75-4989-ACF0-6D34BC8E13B3}
	EndGlobalSection
EndGlobal
